<Solution>
  <Configurations>
    <BuildType Name="Debug" />
    <BuildType Name="DebugEnglish" />
    <BuildType Name="Release" />
  </Configurations>
  <Folder Name="/Solution Items/">
    <File Path="licence.txt" />
  </Folder>
  <Project Path="KekuleHtmlUi/KekuleHtmlUi.csproj" />
  <Project Path="KekuleHtml\KekuleHtml.csproj" />
</Solution>
